<Solution>
  <Project Path="OutdoorNotebook.Api/OutdoorNotebook.Api.csproj" />
  <Project Path="OutdoorNotebook.Console/OutdoorNotebook.Console.csproj" />
  <Project Path="OutdoorNotebook.Core/OutdoorNotebook.Core.csproj" />
  <Project Path="OutdoorNotebook.Tests/OutdoorNotebook.Tests.csproj" />
</Solution>
